
Microsoft Visual Studio Solution File, Format Version 12.00
# Visual Studio 14
VisualStudioVersion = 14.0.25420.1
MinimumVisualStudioVersion = 10.0.40219.1
Project("{FAE04EC0-301F-11D3-BF4B-00C04F79EFBC}") = "VideoLibDAL", "VideoLibDAL\VideoLibDAL.csproj", "{ED82313B-FA0F-4877-880C-FCCDAD210693}"
EndProject
Project("{FAE04EC0-301F-11D3-BF4B-00C04F79EFBC}") = "VideoLibBLL", "VideoLibBLL\VideoLibBLL.csproj", "{464990F0-672A-401D-A912-095AEB6E0368}"
EndProject
Project("{FAE04EC0-301F-11D3-BF4B-00C04F79EFBC}") = "VideoServiceWCF", "MovieServiceWCF\VideoServiceWCF.csproj", "{DAE30B0A-C077-4C20-BFE7-261AEBF927CF}"
EndProject
Project("{FAE04EC0-301F-11D3-BF4B-00C04F79EFBC}") = "VideoCheckingWPF", "VideoCheckingWPF\VideoCheckingWPF.csproj", "{8B7AABD1-A6FF-4836-B2C6-AF2429AD497D}"
EndProject
Project("{FAE04EC0-301F-11D3-BF4B-00C04F79EFBC}") = "VideoCheckingWEB", "VideoCheckingWEB\VideoCheckingWEB.csproj", "{65F5111F-A4B8-4E16-9630-7FBC36C3BBBD}"
EndProject
Project("{FAE04EC0-301F-11D3-BF4B-00C04F79EFBC}") = "ImportMovieToDB", "MovieDB\ImportMovieToDB\ImportMovieToDB.csproj", "{085A59EC-DAE6-43A4-9717-924BDCF3766B}"
EndProject
Project("{FAE04EC0-301F-11D3-BF4B-00C04F79EFBC}") = "MovieMgmtDB", "MovieDB\MovieMgmtDB\MovieMgmtDB.csproj", "{B137F11F-0F3F-48D6-82E7-F1506D8CA78E}"
EndProject
Project("{FAE04EC0-301F-11D3-BF4B-00C04F79EFBC}") = "MovieLibDTO", "MovieDB\MovieLibDTO\MovieLibDTO.csproj", "{4577D9F4-496F-4891-96B0-DA152984BFB6}"
EndProject
Project("{FAE04EC0-301F-11D3-BF4B-00C04F79EFBC}") = "VideoSyncFetcher", "ConsoleApplication1\VideoSyncFetcher.csproj", "{3879D1FD-D89C-4B3B-BF6F-E0127E50DD68}"
	ProjectSection(ProjectDependencies) = postProject
		{3C7A542E-7958-4F14-9129-6DAF5492AC10} = {3C7A542E-7958-4F14-9129-6DAF5492AC10}
	EndProjectSection
EndProject
Project("{FAE04EC0-301F-11D3-BF4B-00C04F79EFBC}") = "SyncDataBasesWCF", "SyncDataBasesWCF\SyncDataBasesWCF.csproj", "{3C7A542E-7958-4F14-9129-6DAF5492AC10}"
EndProject
Global
	GlobalSection(SolutionConfigurationPlatforms) = preSolution
		Debug|Any CPU = Debug|Any CPU
		Debug|x64 = Debug|x64
		Debug|x86 = Debug|x86
		Release|Any CPU = Release|Any CPU
		Release|x64 = Release|x64
		Release|x86 = Release|x86
	EndGlobalSection
	GlobalSection(ProjectConfigurationPlatforms) = postSolution
		{ED82313B-FA0F-4877-880C-FCCDAD210693}.Debug|Any CPU.ActiveCfg = Debug|Any CPU
		{ED82313B-FA0F-4877-880C-FCCDAD210693}.Debug|Any CPU.Build.0 = Debug|Any CPU
		{ED82313B-FA0F-4877-880C-FCCDAD210693}.Debug|x64.ActiveCfg = Debug|x64
		{ED82313B-FA0F-4877-880C-FCCDAD210693}.Debug|x64.Build.0 = Debug|x64
		{ED82313B-FA0F-4877-880C-FCCDAD210693}.Debug|x86.ActiveCfg = Debug|x86
		{ED82313B-FA0F-4877-880C-FCCDAD210693}.Debug|x86.Build.0 = Debug|x86
		{ED82313B-FA0F-4877-880C-FCCDAD210693}.Release|Any CPU.ActiveCfg = Release|Any CPU
		{ED82313B-FA0F-4877-880C-FCCDAD210693}.Release|Any CPU.Build.0 = Release|Any CPU
		{ED82313B-FA0F-4877-880C-FCCDAD210693}.Release|x64.ActiveCfg = Release|x64
		{ED82313B-FA0F-4877-880C-FCCDAD210693}.Release|x64.Build.0 = Release|x64
		{ED82313B-FA0F-4877-880C-FCCDAD210693}.Release|x86.ActiveCfg = Release|x86
		{ED82313B-FA0F-4877-880C-FCCDAD210693}.Release|x86.Build.0 = Release|x86
		{464990F0-672A-401D-A912-095AEB6E0368}.Debug|Any CPU.ActiveCfg = Debug|Any CPU
		{464990F0-672A-401D-A912-095AEB6E0368}.Debug|Any CPU.Build.0 = Debug|Any CPU
		{464990F0-672A-401D-A912-095AEB6E0368}.Debug|x64.ActiveCfg = Debug|x64
		{464990F0-672A-401D-A912-095AEB6E0368}.Debug|x64.Build.0 = Debug|x64
		{464990F0-672A-401D-A912-095AEB6E0368}.Debug|x86.ActiveCfg = Debug|x86
		{464990F0-672A-401D-A912-095AEB6E0368}.Debug|x86.Build.0 = Debug|x86
		{464990F0-672A-401D-A912-095AEB6E0368}.Release|Any CPU.ActiveCfg = Release|Any CPU
		{464990F0-672A-401D-A912-095AEB6E0368}.Release|Any CPU.Build.0 = Release|Any CPU
		{464990F0-672A-401D-A912-095AEB6E0368}.Release|x64.ActiveCfg = Release|x64
		{464990F0-672A-401D-A912-095AEB6E0368}.Release|x64.Build.0 = Release|x64
		{464990F0-672A-401D-A912-095AEB6E0368}.Release|x86.ActiveCfg = Release|x86
		{464990F0-672A-401D-A912-095AEB6E0368}.Release|x86.Build.0 = Release|x86
		{DAE30B0A-C077-4C20-BFE7-261AEBF927CF}.Debug|Any CPU.ActiveCfg = Debug|Any CPU
		{DAE30B0A-C077-4C20-BFE7-261AEBF927CF}.Debug|Any CPU.Build.0 = Debug|Any CPU
		{DAE30B0A-C077-4C20-BFE7-261AEBF927CF}.Debug|x64.ActiveCfg = Debug|x64
		{DAE30B0A-C077-4C20-BFE7-261AEBF927CF}.Debug|x64.Build.0 = Debug|x64
		{DAE30B0A-C077-4C20-BFE7-261AEBF927CF}.Debug|x86.ActiveCfg = Debug|x86
		{DAE30B0A-C077-4C20-BFE7-261AEBF927CF}.Debug|x86.Build.0 = Debug|x86
		{DAE30B0A-C077-4C20-BFE7-261AEBF927CF}.Release|Any CPU.ActiveCfg = Release|Any CPU
		{DAE30B0A-C077-4C20-BFE7-261AEBF927CF}.Release|Any CPU.Build.0 = Release|Any CPU
		{DAE30B0A-C077-4C20-BFE7-261AEBF927CF}.Release|x64.ActiveCfg = Release|x64
		{DAE30B0A-C077-4C20-BFE7-261AEBF927CF}.Release|x64.Build.0 = Release|x64
		{DAE30B0A-C077-4C20-BFE7-261AEBF927CF}.Release|x86.ActiveCfg = Release|x86
		{DAE30B0A-C077-4C20-BFE7-261AEBF927CF}.Release|x86.Build.0 = Release|x86
		{8B7AABD1-A6FF-4836-B2C6-AF2429AD497D}.Debug|Any CPU.ActiveCfg = Debug|Any CPU
		{8B7AABD1-A6FF-4836-B2C6-AF2429AD497D}.Debug|Any CPU.Build.0 = Debug|Any CPU
		{8B7AABD1-A6FF-4836-B2C6-AF2429AD497D}.Debug|x64.ActiveCfg = Debug|x64
		{8B7AABD1-A6FF-4836-B2C6-AF2429AD497D}.Debug|x64.Build.0 = Debug|x64
		{8B7AABD1-A6FF-4836-B2C6-AF2429AD497D}.Debug|x86.ActiveCfg = Debug|x86
		{8B7AABD1-A6FF-4836-B2C6-AF2429AD497D}.Debug|x86.Build.0 = Debug|x86
		{8B7AABD1-A6FF-4836-B2C6-AF2429AD497D}.Release|Any CPU.ActiveCfg = Release|Any CPU
		{8B7AABD1-A6FF-4836-B2C6-AF2429AD497D}.Release|Any CPU.Build.0 = Release|Any CPU
		{8B7AABD1-A6FF-4836-B2C6-AF2429AD497D}.Release|x64.ActiveCfg = Release|x64
		{8B7AABD1-A6FF-4836-B2C6-AF2429AD497D}.Release|x64.Build.0 = Release|x64
		{8B7AABD1-A6FF-4836-B2C6-AF2429AD497D}.Release|x86.ActiveCfg = Release|x86
		{8B7AABD1-A6FF-4836-B2C6-AF2429AD497D}.Release|x86.Build.0 = Release|x86
		{65F5111F-A4B8-4E16-9630-7FBC36C3BBBD}.Debug|Any CPU.ActiveCfg = Debug|Any CPU
		{65F5111F-A4B8-4E16-9630-7FBC36C3BBBD}.Debug|Any CPU.Build.0 = Debug|Any CPU
		{65F5111F-A4B8-4E16-9630-7FBC36C3BBBD}.Debug|x64.ActiveCfg = Debug|x64
		{65F5111F-A4B8-4E16-9630-7FBC36C3BBBD}.Debug|x64.Build.0 = Debug|x64
		{65F5111F-A4B8-4E16-9630-7FBC36C3BBBD}.Debug|x86.ActiveCfg = Debug|x86
		{65F5111F-A4B8-4E16-9630-7FBC36C3BBBD}.Debug|x86.Build.0 = Debug|x86
		{65F5111F-A4B8-4E16-9630-7FBC36C3BBBD}.Release|Any CPU.ActiveCfg = Release|Any CPU
		{65F5111F-A4B8-4E16-9630-7FBC36C3BBBD}.Release|Any CPU.Build.0 = Release|Any CPU
		{65F5111F-A4B8-4E16-9630-7FBC36C3BBBD}.Release|x64.ActiveCfg = Release|x64
		{65F5111F-A4B8-4E16-9630-7FBC36C3BBBD}.Release|x64.Build.0 = Release|x64
		{65F5111F-A4B8-4E16-9630-7FBC36C3BBBD}.Release|x86.ActiveCfg = Release|x86
		{65F5111F-A4B8-4E16-9630-7FBC36C3BBBD}.Release|x86.Build.0 = Release|x86
		{085A59EC-DAE6-43A4-9717-924BDCF3766B}.Debug|Any CPU.ActiveCfg = Debug|Any CPU
		{085A59EC-DAE6-43A4-9717-924BDCF3766B}.Debug|Any CPU.Build.0 = Debug|Any CPU
		{085A59EC-DAE6-43A4-9717-924BDCF3766B}.Debug|x64.ActiveCfg = Debug|x64
		{085A59EC-DAE6-43A4-9717-924BDCF3766B}.Debug|x64.Build.0 = Debug|x64
		{085A59EC-DAE6-43A4-9717-924BDCF3766B}.Debug|x86.ActiveCfg = Debug|x86
		{085A59EC-DAE6-43A4-9717-924BDCF3766B}.Debug|x86.Build.0 = Debug|x86
		{085A59EC-DAE6-43A4-9717-924BDCF3766B}.Release|Any CPU.ActiveCfg = Release|Any CPU
		{085A59EC-DAE6-43A4-9717-924BDCF3766B}.Release|Any CPU.Build.0 = Release|Any CPU
		{085A59EC-DAE6-43A4-9717-924BDCF3766B}.Release|x64.ActiveCfg = Release|x64
		{085A59EC-DAE6-43A4-9717-924BDCF3766B}.Release|x64.Build.0 = Release|x64
		{085A59EC-DAE6-43A4-9717-924BDCF3766B}.Release|x86.ActiveCfg = Release|x86
		{085A59EC-DAE6-43A4-9717-924BDCF3766B}.Release|x86.Build.0 = Release|x86
		{B137F11F-0F3F-48D6-82E7-F1506D8CA78E}.Debug|Any CPU.ActiveCfg = Debug|Any CPU
		{B137F11F-0F3F-48D6-82E7-F1506D8CA78E}.Debug|Any CPU.Build.0 = Debug|Any CPU
		{B137F11F-0F3F-48D6-82E7-F1506D8CA78E}.Debug|x64.ActiveCfg = Debug|x64
		{B137F11F-0F3F-48D6-82E7-F1506D8CA78E}.Debug|x64.Build.0 = Debug|x64
		{B137F11F-0F3F-48D6-82E7-F1506D8CA78E}.Debug|x86.ActiveCfg = Debug|x86
		{B137F11F-0F3F-48D6-82E7-F1506D8CA78E}.Debug|x86.Build.0 = Debug|x86
		{B137F11F-0F3F-48D6-82E7-F1506D8CA78E}.Release|Any CPU.ActiveCfg = Release|Any CPU
		{B137F11F-0F3F-48D6-82E7-F1506D8CA78E}.Release|Any CPU.Build.0 = Release|Any CPU
		{B137F11F-0F3F-48D6-82E7-F1506D8CA78E}.Release|x64.ActiveCfg = Release|x64
		{B137F11F-0F3F-48D6-82E7-F1506D8CA78E}.Release|x64.Build.0 = Release|x64
		{B137F11F-0F3F-48D6-82E7-F1506D8CA78E}.Release|x86.ActiveCfg = Release|x86
		{B137F11F-0F3F-48D6-82E7-F1506D8CA78E}.Release|x86.Build.0 = Release|x86
		{4577D9F4-496F-4891-96B0-DA152984BFB6}.Debug|Any CPU.ActiveCfg = Debug|Any CPU
		{4577D9F4-496F-4891-96B0-DA152984BFB6}.Debug|Any CPU.Build.0 = Debug|Any CPU
		{4577D9F4-496F-4891-96B0-DA152984BFB6}.Debug|x64.ActiveCfg = Debug|x64
		{4577D9F4-496F-4891-96B0-DA152984BFB6}.Debug|x64.Build.0 = Debug|x64
		{4577D9F4-496F-4891-96B0-DA152984BFB6}.Debug|x86.ActiveCfg = Debug|x86
		{4577D9F4-496F-4891-96B0-DA152984BFB6}.Debug|x86.Build.0 = Debug|x86
		{4577D9F4-496F-4891-96B0-DA152984BFB6}.Release|Any CPU.ActiveCfg = Release|Any CPU
		{4577D9F4-496F-4891-96B0-DA152984BFB6}.Release|Any CPU.Build.0 = Release|Any CPU
		{4577D9F4-496F-4891-96B0-DA152984BFB6}.Release|x64.ActiveCfg = Release|x64
		{4577D9F4-496F-4891-96B0-DA152984BFB6}.Release|x64.Build.0 = Release|x64
		{4577D9F4-496F-4891-96B0-DA152984BFB6}.Release|x86.ActiveCfg = Release|x86
		{4577D9F4-496F-4891-96B0-DA152984BFB6}.Release|x86.Build.0 = Release|x86
		{3879D1FD-D89C-4B3B-BF6F-E0127E50DD68}.Debug|Any CPU.ActiveCfg = Debug|Any CPU
		{3879D1FD-D89C-4B3B-BF6F-E0127E50DD68}.Debug|Any CPU.Build.0 = Debug|Any CPU
		{3879D1FD-D89C-4B3B-BF6F-E0127E50DD68}.Debug|x64.ActiveCfg = Debug|x64
		{3879D1FD-D89C-4B3B-BF6F-E0127E50DD68}.Debug|x64.Build.0 = Debug|x64
		{3879D1FD-D89C-4B3B-BF6F-E0127E50DD68}.Debug|x86.ActiveCfg = Debug|x86
		{3879D1FD-D89C-4B3B-BF6F-E0127E50DD68}.Debug|x86.Build.0 = Debug|x86
		{3879D1FD-D89C-4B3B-BF6F-E0127E50DD68}.Release|Any CPU.ActiveCfg = Release|Any CPU
		{3879D1FD-D89C-4B3B-BF6F-E0127E50DD68}.Release|Any CPU.Build.0 = Release|Any CPU
		{3879D1FD-D89C-4B3B-BF6F-E0127E50DD68}.Release|x64.ActiveCfg = Release|x64
		{3879D1FD-D89C-4B3B-BF6F-E0127E50DD68}.Release|x64.Build.0 = Release|x64
		{3879D1FD-D89C-4B3B-BF6F-E0127E50DD68}.Release|x86.ActiveCfg = Release|x86
		{3879D1FD-D89C-4B3B-BF6F-E0127E50DD68}.Release|x86.Build.0 = Release|x86
		{3C7A542E-7958-4F14-9129-6DAF5492AC10}.Debug|Any CPU.ActiveCfg = Debug|Any CPU
		{3C7A542E-7958-4F14-9129-6DAF5492AC10}.Debug|Any CPU.Build.0 = Debug|Any CPU
		{3C7A542E-7958-4F14-9129-6DAF5492AC10}.Debug|x64.ActiveCfg = Debug|x64
		{3C7A542E-7958-4F14-9129-6DAF5492AC10}.Debug|x64.Build.0 = Debug|x64
		{3C7A542E-7958-4F14-9129-6DAF5492AC10}.Debug|x86.ActiveCfg = Debug|x86
		{3C7A542E-7958-4F14-9129-6DAF5492AC10}.Debug|x86.Build.0 = Debug|x86
		{3C7A542E-7958-4F14-9129-6DAF5492AC10}.Release|Any CPU.ActiveCfg = Release|Any CPU
		{3C7A542E-7958-4F14-9129-6DAF5492AC10}.Release|Any CPU.Build.0 = Release|Any CPU
		{3C7A542E-7958-4F14-9129-6DAF5492AC10}.Release|x64.ActiveCfg = Release|x64
		{3C7A542E-7958-4F14-9129-6DAF5492AC10}.Release|x64.Build.0 = Release|x64
		{3C7A542E-7958-4F14-9129-6DAF5492AC10}.Release|x86.ActiveCfg = Release|x86
		{3C7A542E-7958-4F14-9129-6DAF5492AC10}.Release|x86.Build.0 = Release|x86
	EndGlobalSection
	GlobalSection(SolutionProperties) = preSolution
		HideSolutionNode = FALSE
	EndGlobalSection
EndGlobal
